{
  "name": "pmfl",
  "version": "0.0.0",
  "lockfileVersion": 1,
  "requires": true,
  "dependencies": {
    "orderedmap": {
      "version": "1.0.0",
      "resolved": "https://registry.npmjs.org/orderedmap/-/orderedmap-1.0.0.tgz",
      "integrity": "sha1-2Q/Cuh7QhRkJB9YB3sbmpT+NQbo="
    },
    "prosemirror-commands": {
      "version": "1.0.8",
      "resolved": "https://registry.npmjs.org/prosemirror-commands/-/prosemirror-commands-1.0.8.tgz",
      "integrity": "sha512-P9QdkYYBHWsrJ1JztQuHgeZS7DPCcijQduOj9oxFiqK8Fm6eTsVHzU1IwiRBe+FlK7tyQaerhu/F5K8sqnZ1Cw==",
      "requires": {
        "prosemirror-model": "^1.0.0",
        "prosemirror-state": "^1.0.0",
        "prosemirror-transform": "^1.0.0"
      }
    },
    "prosemirror-history": {
      "version": "1.0.4",
      "resolved": "https://registry.npmjs.org/prosemirror-history/-/prosemirror-history-1.0.4.tgz",
      "integrity": "sha512-Kk2UisC9EzYcsNv+ILiQJWpsu0rbT6+oAAkvseFUHnudtfkmYAJu1+Xp3F0xTTCVmQdSqSLVk8qydllXUUOU4Q==",
      "requires": {
        "prosemirror-state": "^1.2.2",
        "prosemirror-transform": "^1.0.0",
        "rope-sequence": "^1.2.0"
      }
    },
    "prosemirror-keymap": {
      "version": "1.0.1",
      "resolved": "https://registry.npmjs.org/prosemirror-keymap/-/prosemirror-keymap-1.0.1.tgz",
      "integrity": "sha512-e79ApE7PXXZMFtPz7WbjycjAFd1NPjgY1MkecVz98tqwlBSggXWXYQnWFk6x7UkmnBYRHHbXHkR/RXmu2wyBJg==",
      "requires": {
        "prosemirror-state": "^1.0.0",
        "w3c-keyname": "^1.1.8"
      }
    },
    "prosemirror-model": {
      "version": "1.7.1",
      "resolved": "https://registry.npmjs.org/prosemirror-model/-/prosemirror-model-1.7.1.tgz",
      "integrity": "sha512-hYrZPbJvdo2QWERmkCuS80BEf5Rcf3+S28ETr4xu8XKPYjmU6aeQn23G1Fu/2rwqUmk5ZyWYo2nyEsN+Cdv2Qg==",
      "requires": {
        "orderedmap": "^1.0.0"
      }
    },
    "prosemirror-state": {
      "version": "1.2.3",
      "resolved": "https://registry.npmjs.org/prosemirror-state/-/prosemirror-state-1.2.3.tgz",
      "integrity": "sha512-TNFw98jHLcU7JXViozcDHxzIWQj7WfGqTAB05RCrkkUuIleKekW9PbhQGXRZdlSPFkViPlLy/emh+5HtjH1Yzg==",
      "requires": {
        "prosemirror-model": "^1.0.0",
        "prosemirror-transform": "^1.0.0"
      }
    },
    "prosemirror-transform": {
      "version": "1.1.3",
      "resolved": "https://registry.npmjs.org/prosemirror-transform/-/prosemirror-transform-1.1.3.tgz",
      "integrity": "sha512-1O6Di5lOL1mp4nuCnQNkHY7l2roIW5y8RH4ZG3hMYmkmDEWzTaFFnxxAAHsE5ipGLBSRcTlP7SsDhYBIdSuLpQ==",
      "requires": {
        "prosemirror-model": "^1.0.0"
      }
    },
    "prosemirror-view": {
      "version": "1.9.13",
      "resolved": "https://registry.npmjs.org/prosemirror-view/-/prosemirror-view-1.9.13.tgz",
      "integrity": "sha512-afJxCZR4EH04u4thl7xYHSIgyQiGALstLi+5SW9t3868ghrgcFhpQvbJAN17Yb9nwtnltD64t15Msk2UlXkPeQ==",
      "requires": {
        "prosemirror-model": "^1.1.0",
        "prosemirror-state": "^1.0.0",
        "prosemirror-transform": "^1.1.0"
      }
    },
    "rope-sequence": {
      "version": "1.2.2",
      "resolved": "https://registry.npmjs.org/rope-sequence/-/rope-sequence-1.2.2.tgz",
      "integrity": "sha1-ScTlwvVKSOmQsFCSZ3HihxvLMc4="
    },
    "w3c-keyname": {
      "version": "1.1.8",
      "resolved": "https://registry.npmjs.org/w3c-keyname/-/w3c-keyname-1.1.8.tgz",
      "integrity": "sha512-2HAdug8GTiu3b4NYhssdtY8PXRue3ICnh1IlxvZYl+hiINRq0GfNWei3XOPDg8L0PsxbmYjWVLuLj6BMRR/9vA=="
    }
  }
}
